
Microsoft Visual Studio Solution File, Format Version 12.00
# Visual Studio 15
VisualStudioVersion = 15.0.26621.2
MinimumVisualStudioVersion = 10.0.40219.1
Project("{2150E333-8FDC-42A3-9474-1A3956D46DE8}") = "src", "src", "{8F5720F0-C5B0-4D66-B6C8-54517996CAA7}"
EndProject
Project("{2150E333-8FDC-42A3-9474-1A3956D46DE8}") = "config", "config", "{CCA8CEED-C01A-40FF-9F38-C98CF70CD914}"
EndProject
Project("{9A19103F-16F7-4668-BE54-9A1E7A4F7556}") = "Excelsior.Infrastructure", "Excelsior.Infrastructure\Excelsior.Infrastructure.csproj", "{7135A8A7-33A2-49F5-A397-BAE1A5B7BFB0}"
EndProject
Project("{FAE04EC0-301F-11D3-BF4B-00C04F79EFBC}") = "Excelsior.Domain", "Excelsior.Domain\Excelsior.Domain.csproj", "{7F31BA30-3EB4-4592-9E87-3F653F4F66B0}"
EndProject
Project("{FAE04EC0-301F-11D3-BF4B-00C04F79EFBC}") = "Excelsior.Business", "Excelsior.Business\Excelsior.Business.csproj", "{1F97998C-6FBC-481B-9C67-59CC704EFD16}"
EndProject
Project("{9A19103F-16F7-4668-BE54-9A1E7A4F7556}") = "Excelsior.API", "Excelsior.API\Excelsior.API.csproj", "{353D18E1-75F4-4478-B8A7-D41985EFCA45}"
EndProject
Project("{FAE04EC0-301F-11D3-BF4B-00C04F79EFBC}") = "Excelsior.Reports", "Excelsior.Reports\Excelsior.Reports.csproj", "{EA14DEC1-C1F9-4620-8686-7106198BFCBE}"
EndProject
Global
	GlobalSection(SolutionConfigurationPlatforms) = preSolution
		Debug|Any CPU = Debug|Any CPU
		DebugAzureDemo|Any CPU = DebugAzureDemo|Any CPU
		DebugAzureDev|Any CPU = DebugAzureDev|Any CPU
		DebugAzureLocal|Any CPU = DebugAzureLocal|Any CPU
		DebugAzureProd|Any CPU = DebugAzureProd|Any CPU
		DebugAzureQA|Any CPU = DebugAzureQA|Any CPU
		Development|Any CPU = Development|Any CPU
		PreclinicalDebugAzureProd|Any CPU = PreclinicalDebugAzureProd|Any CPU
		PreclinicalDebugAzureQA|Any CPU = PreclinicalDebugAzureQA|Any CPU
		PreclinicalReleaseAzureDemo|Any CPU = PreclinicalReleaseAzureDemo|Any CPU
		PreclinicalReleaseAzureProd|Any CPU = PreclinicalReleaseAzureProd|Any CPU
		PreclinicalReleaseAzureQA|Any CPU = PreclinicalReleaseAzureQA|Any CPU
		Release|Any CPU = Release|Any CPU
		ReleaseAzureDemo|Any CPU = ReleaseAzureDemo|Any CPU
		ReleaseAzureProd|Any CPU = ReleaseAzureProd|Any CPU
		ReleaseAzureQA|Any CPU = ReleaseAzureQA|Any CPU
	EndGlobalSection
	GlobalSection(ProjectConfigurationPlatforms) = postSolution
		{7135A8A7-33A2-49F5-A397-BAE1A5B7BFB0}.Debug|Any CPU.ActiveCfg = Debug|Any CPU
		{7135A8A7-33A2-49F5-A397-BAE1A5B7BFB0}.Debug|Any CPU.Build.0 = Debug|Any CPU
		{7135A8A7-33A2-49F5-A397-BAE1A5B7BFB0}.DebugAzureDemo|Any CPU.ActiveCfg = Debug|Any CPU
		{7135A8A7-33A2-49F5-A397-BAE1A5B7BFB0}.DebugAzureDemo|Any CPU.Build.0 = Debug|Any CPU
		{7135A8A7-33A2-49F5-A397-BAE1A5B7BFB0}.DebugAzureDev|Any CPU.ActiveCfg = Debug|Any CPU
		{7135A8A7-33A2-49F5-A397-BAE1A5B7BFB0}.DebugAzureDev|Any CPU.Build.0 = Debug|Any CPU
		{7135A8A7-33A2-49F5-A397-BAE1A5B7BFB0}.DebugAzureLocal|Any CPU.ActiveCfg = Debug|Any CPU
		{7135A8A7-33A2-49F5-A397-BAE1A5B7BFB0}.DebugAzureLocal|Any CPU.Build.0 = Debug|Any CPU
		{7135A8A7-33A2-49F5-A397-BAE1A5B7BFB0}.DebugAzureProd|Any CPU.ActiveCfg = Debug|Any CPU
		{7135A8A7-33A2-49F5-A397-BAE1A5B7BFB0}.DebugAzureProd|Any CPU.Build.0 = Debug|Any CPU
		{7135A8A7-33A2-49F5-A397-BAE1A5B7BFB0}.DebugAzureQA|Any CPU.ActiveCfg = Debug|Any CPU
		{7135A8A7-33A2-49F5-A397-BAE1A5B7BFB0}.DebugAzureQA|Any CPU.Build.0 = Debug|Any CPU
		{7135A8A7-33A2-49F5-A397-BAE1A5B7BFB0}.Development|Any CPU.ActiveCfg = Debug|Any CPU
		{7135A8A7-33A2-49F5-A397-BAE1A5B7BFB0}.Development|Any CPU.Build.0 = Debug|Any CPU
		{7135A8A7-33A2-49F5-A397-BAE1A5B7BFB0}.PreclinicalDebugAzureProd|Any CPU.ActiveCfg = Debug|Any CPU
		{7135A8A7-33A2-49F5-A397-BAE1A5B7BFB0}.PreclinicalDebugAzureProd|Any CPU.Build.0 = Debug|Any CPU
		{7135A8A7-33A2-49F5-A397-BAE1A5B7BFB0}.PreclinicalDebugAzureQA|Any CPU.ActiveCfg = Debug|Any CPU
		{7135A8A7-33A2-49F5-A397-BAE1A5B7BFB0}.PreclinicalDebugAzureQA|Any CPU.Build.0 = Debug|Any CPU
		{7135A8A7-33A2-49F5-A397-BAE1A5B7BFB0}.PreclinicalReleaseAzureDemo|Any CPU.ActiveCfg = Release|Any CPU
		{7135A8A7-33A2-49F5-A397-BAE1A5B7BFB0}.PreclinicalReleaseAzureDemo|Any CPU.Build.0 = Release|Any CPU
		{7135A8A7-33A2-49F5-A397-BAE1A5B7BFB0}.PreclinicalReleaseAzureProd|Any CPU.ActiveCfg = Release|Any CPU
		{7135A8A7-33A2-49F5-A397-BAE1A5B7BFB0}.PreclinicalReleaseAzureProd|Any CPU.Build.0 = Release|Any CPU
		{7135A8A7-33A2-49F5-A397-BAE1A5B7BFB0}.PreclinicalReleaseAzureQA|Any CPU.ActiveCfg = Release|Any CPU
		{7135A8A7-33A2-49F5-A397-BAE1A5B7BFB0}.PreclinicalReleaseAzureQA|Any CPU.Build.0 = Release|Any CPU
		{7135A8A7-33A2-49F5-A397-BAE1A5B7BFB0}.Release|Any CPU.ActiveCfg = Release|Any CPU
		{7135A8A7-33A2-49F5-A397-BAE1A5B7BFB0}.Release|Any CPU.Build.0 = Release|Any CPU
		{7135A8A7-33A2-49F5-A397-BAE1A5B7BFB0}.ReleaseAzureDemo|Any CPU.ActiveCfg = Release|Any CPU
		{7135A8A7-33A2-49F5-A397-BAE1A5B7BFB0}.ReleaseAzureDemo|Any CPU.Build.0 = Release|Any CPU
		{7135A8A7-33A2-49F5-A397-BAE1A5B7BFB0}.ReleaseAzureProd|Any CPU.ActiveCfg = Release|Any CPU
		{7135A8A7-33A2-49F5-A397-BAE1A5B7BFB0}.ReleaseAzureProd|Any CPU.Build.0 = Release|Any CPU
		{7135A8A7-33A2-49F5-A397-BAE1A5B7BFB0}.ReleaseAzureQA|Any CPU.ActiveCfg = Release|Any CPU
		{7135A8A7-33A2-49F5-A397-BAE1A5B7BFB0}.ReleaseAzureQA|Any CPU.Build.0 = Release|Any CPU
		{7F31BA30-3EB4-4592-9E87-3F653F4F66B0}.Debug|Any CPU.ActiveCfg = Debug|Any CPU
		{7F31BA30-3EB4-4592-9E87-3F653F4F66B0}.Debug|Any CPU.Build.0 = Debug|Any CPU
		{7F31BA30-3EB4-4592-9E87-3F653F4F66B0}.DebugAzureDemo|Any CPU.ActiveCfg = DebugAzureDemo|Any CPU
		{7F31BA30-3EB4-4592-9E87-3F653F4F66B0}.DebugAzureDemo|Any CPU.Build.0 = DebugAzureDemo|Any CPU
		{7F31BA30-3EB4-4592-9E87-3F653F4F66B0}.DebugAzureDev|Any CPU.ActiveCfg = DebugAzureDev|Any CPU
		{7F31BA30-3EB4-4592-9E87-3F653F4F66B0}.DebugAzureDev|Any CPU.Build.0 = DebugAzureDev|Any CPU
		{7F31BA30-3EB4-4592-9E87-3F653F4F66B0}.DebugAzureLocal|Any CPU.ActiveCfg = DebugAzureLocal|Any CPU
		{7F31BA30-3EB4-4592-9E87-3F653F4F66B0}.DebugAzureLocal|Any CPU.Build.0 = DebugAzureLocal|Any CPU
		{7F31BA30-3EB4-4592-9E87-3F653F4F66B0}.DebugAzureProd|Any CPU.ActiveCfg = DebugAzureProd|Any CPU
		{7F31BA30-3EB4-4592-9E87-3F653F4F66B0}.DebugAzureProd|Any CPU.Build.0 = DebugAzureProd|Any CPU
		{7F31BA30-3EB4-4592-9E87-3F653F4F66B0}.DebugAzureQA|Any CPU.ActiveCfg = DebugAzureQA|Any CPU
		{7F31BA30-3EB4-4592-9E87-3F653F4F66B0}.DebugAzureQA|Any CPU.Build.0 = DebugAzureQA|Any CPU
		{7F31BA30-3EB4-4592-9E87-3F653F4F66B0}.Development|Any CPU.ActiveCfg = Development|Any CPU
		{7F31BA30-3EB4-4592-9E87-3F653F4F66B0}.Development|Any CPU.Build.0 = Development|Any CPU
		{7F31BA30-3EB4-4592-9E87-3F653F4F66B0}.PreclinicalDebugAzureProd|Any CPU.ActiveCfg = PreclinicalDebugAzureProd|Any CPU
		{7F31BA30-3EB4-4592-9E87-3F653F4F66B0}.PreclinicalDebugAzureProd|Any CPU.Build.0 = PreclinicalDebugAzureProd|Any CPU
		{7F31BA30-3EB4-4592-9E87-3F653F4F66B0}.PreclinicalDebugAzureQA|Any CPU.ActiveCfg = PreclinicalDebugAzureQA|Any CPU
		{7F31BA30-3EB4-4592-9E87-3F653F4F66B0}.PreclinicalDebugAzureQA|Any CPU.Build.0 = PreclinicalDebugAzureQA|Any CPU
		{7F31BA30-3EB4-4592-9E87-3F653F4F66B0}.PreclinicalReleaseAzureDemo|Any CPU.ActiveCfg = PreclinicalReleaseAzureDemo|Any CPU
		{7F31BA30-3EB4-4592-9E87-3F653F4F66B0}.PreclinicalReleaseAzureDemo|Any CPU.Build.0 = PreclinicalReleaseAzureDemo|Any CPU
		{7F31BA30-3EB4-4592-9E87-3F653F4F66B0}.PreclinicalReleaseAzureProd|Any CPU.ActiveCfg = PreclinicalReleaseAzureProd|Any CPU
		{7F31BA30-3EB4-4592-9E87-3F653F4F66B0}.PreclinicalReleaseAzureProd|Any CPU.Build.0 = PreclinicalReleaseAzureProd|Any CPU
		{7F31BA30-3EB4-4592-9E87-3F653F4F66B0}.PreclinicalReleaseAzureQA|Any CPU.ActiveCfg = PreclinicalReleaseAzureQA|Any CPU
		{7F31BA30-3EB4-4592-9E87-3F653F4F66B0}.PreclinicalReleaseAzureQA|Any CPU.Build.0 = PreclinicalReleaseAzureQA|Any CPU
		{7F31BA30-3EB4-4592-9E87-3F653F4F66B0}.Release|Any CPU.ActiveCfg = Release|Any CPU
		{7F31BA30-3EB4-4592-9E87-3F653F4F66B0}.Release|Any CPU.Build.0 = Release|Any CPU
		{7F31BA30-3EB4-4592-9E87-3F653F4F66B0}.ReleaseAzureDemo|Any CPU.ActiveCfg = ReleaseAzureDemo|Any CPU
		{7F31BA30-3EB4-4592-9E87-3F653F4F66B0}.ReleaseAzureDemo|Any CPU.Build.0 = ReleaseAzureDemo|Any CPU
		{7F31BA30-3EB4-4592-9E87-3F653F4F66B0}.ReleaseAzureProd|Any CPU.ActiveCfg = ReleaseAzureProd|Any CPU
		{7F31BA30-3EB4-4592-9E87-3F653F4F66B0}.ReleaseAzureProd|Any CPU.Build.0 = ReleaseAzureProd|Any CPU
		{7F31BA30-3EB4-4592-9E87-3F653F4F66B0}.ReleaseAzureQA|Any CPU.ActiveCfg = ReleaseAzureQA|Any CPU
		{7F31BA30-3EB4-4592-9E87-3F653F4F66B0}.ReleaseAzureQA|Any CPU.Build.0 = ReleaseAzureQA|Any CPU
		{1F97998C-6FBC-481B-9C67-59CC704EFD16}.Debug|Any CPU.ActiveCfg = Debug|Any CPU
		{1F97998C-6FBC-481B-9C67-59CC704EFD16}.Debug|Any CPU.Build.0 = Debug|Any CPU
		{1F97998C-6FBC-481B-9C67-59CC704EFD16}.DebugAzureDemo|Any CPU.ActiveCfg = DebugAzureDemo|Any CPU
		{1F97998C-6FBC-481B-9C67-59CC704EFD16}.DebugAzureDemo|Any CPU.Build.0 = DebugAzureDemo|Any CPU
		{1F97998C-6FBC-481B-9C67-59CC704EFD16}.DebugAzureDev|Any CPU.ActiveCfg = DebugAzureDev|Any CPU
		{1F97998C-6FBC-481B-9C67-59CC704EFD16}.DebugAzureDev|Any CPU.Build.0 = DebugAzureDev|Any CPU
		{1F97998C-6FBC-481B-9C67-59CC704EFD16}.DebugAzureLocal|Any CPU.ActiveCfg = DebugAzureLocal|Any CPU
		{1F97998C-6FBC-481B-9C67-59CC704EFD16}.DebugAzureLocal|Any CPU.Build.0 = DebugAzureLocal|Any CPU
		{1F97998C-6FBC-481B-9C67-59CC704EFD16}.DebugAzureProd|Any CPU.ActiveCfg = DebugAzureProd|Any CPU
		{1F97998C-6FBC-481B-9C67-59CC704EFD16}.DebugAzureProd|Any CPU.Build.0 = DebugAzureProd|Any CPU
		{1F97998C-6FBC-481B-9C67-59CC704EFD16}.DebugAzureQA|Any CPU.ActiveCfg = DebugAzureQA|Any CPU
		{1F97998C-6FBC-481B-9C67-59CC704EFD16}.DebugAzureQA|Any CPU.Build.0 = DebugAzureQA|Any CPU
		{1F97998C-6FBC-481B-9C67-59CC704EFD16}.Development|Any CPU.ActiveCfg = Development|Any CPU
		{1F97998C-6FBC-481B-9C67-59CC704EFD16}.Development|Any CPU.Build.0 = Development|Any CPU
		{1F97998C-6FBC-481B-9C67-59CC704EFD16}.PreclinicalDebugAzureProd|Any CPU.ActiveCfg = PreclinicalDebugAzureProd|Any CPU
		{1F97998C-6FBC-481B-9C67-59CC704EFD16}.PreclinicalDebugAzureProd|Any CPU.Build.0 = PreclinicalDebugAzureProd|Any CPU
		{1F97998C-6FBC-481B-9C67-59CC704EFD16}.PreclinicalDebugAzureQA|Any CPU.ActiveCfg = PreclinicalDebugAzureQA|Any CPU
		{1F97998C-6FBC-481B-9C67-59CC704EFD16}.PreclinicalDebugAzureQA|Any CPU.Build.0 = PreclinicalDebugAzureQA|Any CPU
		{1F97998C-6FBC-481B-9C67-59CC704EFD16}.PreclinicalReleaseAzureDemo|Any CPU.ActiveCfg = PreclinicalReleaseAzureDemo|Any CPU
		{1F97998C-6FBC-481B-9C67-59CC704EFD16}.PreclinicalReleaseAzureDemo|Any CPU.Build.0 = PreclinicalReleaseAzureDemo|Any CPU
		{1F97998C-6FBC-481B-9C67-59CC704EFD16}.PreclinicalReleaseAzureProd|Any CPU.ActiveCfg = PreclinicalReleaseAzureProd|Any CPU
		{1F97998C-6FBC-481B-9C67-59CC704EFD16}.PreclinicalReleaseAzureProd|Any CPU.Build.0 = PreclinicalReleaseAzureProd|Any CPU
		{1F97998C-6FBC-481B-9C67-59CC704EFD16}.PreclinicalReleaseAzureQA|Any CPU.ActiveCfg = PreclinicalReleaseAzureQA|Any CPU
		{1F97998C-6FBC-481B-9C67-59CC704EFD16}.PreclinicalReleaseAzureQA|Any CPU.Build.0 = PreclinicalReleaseAzureQA|Any CPU
		{1F97998C-6FBC-481B-9C67-59CC704EFD16}.Release|Any CPU.ActiveCfg = Release|Any CPU
		{1F97998C-6FBC-481B-9C67-59CC704EFD16}.Release|Any CPU.Build.0 = Release|Any CPU
		{1F97998C-6FBC-481B-9C67-59CC704EFD16}.ReleaseAzureDemo|Any CPU.ActiveCfg = ReleaseAzureDemo|Any CPU
		{1F97998C-6FBC-481B-9C67-59CC704EFD16}.ReleaseAzureDemo|Any CPU.Build.0 = ReleaseAzureDemo|Any CPU
		{1F97998C-6FBC-481B-9C67-59CC704EFD16}.ReleaseAzureProd|Any CPU.ActiveCfg = ReleaseAzureProd|Any CPU
		{1F97998C-6FBC-481B-9C67-59CC704EFD16}.ReleaseAzureProd|Any CPU.Build.0 = ReleaseAzureProd|Any CPU
		{1F97998C-6FBC-481B-9C67-59CC704EFD16}.ReleaseAzureQA|Any CPU.ActiveCfg = ReleaseAzureQA|Any CPU
		{1F97998C-6FBC-481B-9C67-59CC704EFD16}.ReleaseAzureQA|Any CPU.Build.0 = ReleaseAzureQA|Any CPU
		{353D18E1-75F4-4478-B8A7-D41985EFCA45}.Debug|Any CPU.ActiveCfg = Debug|Any CPU
		{353D18E1-75F4-4478-B8A7-D41985EFCA45}.Debug|Any CPU.Build.0 = Debug|Any CPU
		{353D18E1-75F4-4478-B8A7-D41985EFCA45}.DebugAzureDemo|Any CPU.ActiveCfg = Debug|Any CPU
		{353D18E1-75F4-4478-B8A7-D41985EFCA45}.DebugAzureDemo|Any CPU.Build.0 = Debug|Any CPU
		{353D18E1-75F4-4478-B8A7-D41985EFCA45}.DebugAzureDev|Any CPU.ActiveCfg = Debug|Any CPU
		{353D18E1-75F4-4478-B8A7-D41985EFCA45}.DebugAzureDev|Any CPU.Build.0 = Debug|Any CPU
		{353D18E1-75F4-4478-B8A7-D41985EFCA45}.DebugAzureLocal|Any CPU.ActiveCfg = Debug|Any CPU
		{353D18E1-75F4-4478-B8A7-D41985EFCA45}.DebugAzureLocal|Any CPU.Build.0 = Debug|Any CPU
		{353D18E1-75F4-4478-B8A7-D41985EFCA45}.DebugAzureProd|Any CPU.ActiveCfg = Debug|Any CPU
		{353D18E1-75F4-4478-B8A7-D41985EFCA45}.DebugAzureProd|Any CPU.Build.0 = Debug|Any CPU
		{353D18E1-75F4-4478-B8A7-D41985EFCA45}.DebugAzureQA|Any CPU.ActiveCfg = Debug|Any CPU
		{353D18E1-75F4-4478-B8A7-D41985EFCA45}.DebugAzureQA|Any CPU.Build.0 = Debug|Any CPU
		{353D18E1-75F4-4478-B8A7-D41985EFCA45}.Development|Any CPU.ActiveCfg = Debug|Any CPU
		{353D18E1-75F4-4478-B8A7-D41985EFCA45}.Development|Any CPU.Build.0 = Debug|Any CPU
		{353D18E1-75F4-4478-B8A7-D41985EFCA45}.PreclinicalDebugAzureProd|Any CPU.ActiveCfg = Debug|Any CPU
		{353D18E1-75F4-4478-B8A7-D41985EFCA45}.PreclinicalDebugAzureProd|Any CPU.Build.0 = Debug|Any CPU
		{353D18E1-75F4-4478-B8A7-D41985EFCA45}.PreclinicalDebugAzureQA|Any CPU.ActiveCfg = Debug|Any CPU
		{353D18E1-75F4-4478-B8A7-D41985EFCA45}.PreclinicalDebugAzureQA|Any CPU.Build.0 = Debug|Any CPU
		{353D18E1-75F4-4478-B8A7-D41985EFCA45}.PreclinicalReleaseAzureDemo|Any CPU.ActiveCfg = Release|Any CPU
		{353D18E1-75F4-4478-B8A7-D41985EFCA45}.PreclinicalReleaseAzureDemo|Any CPU.Build.0 = Release|Any CPU
		{353D18E1-75F4-4478-B8A7-D41985EFCA45}.PreclinicalReleaseAzureProd|Any CPU.ActiveCfg = Release|Any CPU
		{353D18E1-75F4-4478-B8A7-D41985EFCA45}.PreclinicalReleaseAzureProd|Any CPU.Build.0 = Release|Any CPU
		{353D18E1-75F4-4478-B8A7-D41985EFCA45}.PreclinicalReleaseAzureQA|Any CPU.ActiveCfg = Release|Any CPU
		{353D18E1-75F4-4478-B8A7-D41985EFCA45}.PreclinicalReleaseAzureQA|Any CPU.Build.0 = Release|Any CPU
		{353D18E1-75F4-4478-B8A7-D41985EFCA45}.Release|Any CPU.ActiveCfg = Release|Any CPU
		{353D18E1-75F4-4478-B8A7-D41985EFCA45}.Release|Any CPU.Build.0 = Release|Any CPU
		{353D18E1-75F4-4478-B8A7-D41985EFCA45}.ReleaseAzureDemo|Any CPU.ActiveCfg = Release|Any CPU
		{353D18E1-75F4-4478-B8A7-D41985EFCA45}.ReleaseAzureDemo|Any CPU.Build.0 = Release|Any CPU
		{353D18E1-75F4-4478-B8A7-D41985EFCA45}.ReleaseAzureProd|Any CPU.ActiveCfg = Release|Any CPU
		{353D18E1-75F4-4478-B8A7-D41985EFCA45}.ReleaseAzureProd|Any CPU.Build.0 = Release|Any CPU
		{353D18E1-75F4-4478-B8A7-D41985EFCA45}.ReleaseAzureQA|Any CPU.ActiveCfg = Release|Any CPU
		{353D18E1-75F4-4478-B8A7-D41985EFCA45}.ReleaseAzureQA|Any CPU.Build.0 = Release|Any CPU
		{EA14DEC1-C1F9-4620-8686-7106198BFCBE}.Debug|Any CPU.ActiveCfg = Debug|Any CPU
		{EA14DEC1-C1F9-4620-8686-7106198BFCBE}.Debug|Any CPU.Build.0 = Debug|Any CPU
		{EA14DEC1-C1F9-4620-8686-7106198BFCBE}.DebugAzureDemo|Any CPU.ActiveCfg = DebugAzureDemo|Any CPU
		{EA14DEC1-C1F9-4620-8686-7106198BFCBE}.DebugAzureDemo|Any CPU.Build.0 = DebugAzureDemo|Any CPU
		{EA14DEC1-C1F9-4620-8686-7106198BFCBE}.DebugAzureDev|Any CPU.ActiveCfg = DebugAzureDev|Any CPU
		{EA14DEC1-C1F9-4620-8686-7106198BFCBE}.DebugAzureDev|Any CPU.Build.0 = DebugAzureDev|Any CPU
		{EA14DEC1-C1F9-4620-8686-7106198BFCBE}.DebugAzureLocal|Any CPU.ActiveCfg = DebugAzureLocal|Any CPU
		{EA14DEC1-C1F9-4620-8686-7106198BFCBE}.DebugAzureLocal|Any CPU.Build.0 = DebugAzureLocal|Any CPU
		{EA14DEC1-C1F9-4620-8686-7106198BFCBE}.DebugAzureProd|Any CPU.ActiveCfg = DebugAzureProd|Any CPU
		{EA14DEC1-C1F9-4620-8686-7106198BFCBE}.DebugAzureProd|Any CPU.Build.0 = DebugAzureProd|Any CPU
		{EA14DEC1-C1F9-4620-8686-7106198BFCBE}.DebugAzureQA|Any CPU.ActiveCfg = DebugAzureQA|Any CPU
		{EA14DEC1-C1F9-4620-8686-7106198BFCBE}.DebugAzureQA|Any CPU.Build.0 = DebugAzureQA|Any CPU
		{EA14DEC1-C1F9-4620-8686-7106198BFCBE}.Development|Any CPU.ActiveCfg = Development|Any CPU
		{EA14DEC1-C1F9-4620-8686-7106198BFCBE}.Development|Any CPU.Build.0 = Development|Any CPU
		{EA14DEC1-C1F9-4620-8686-7106198BFCBE}.PreclinicalDebugAzureProd|Any CPU.ActiveCfg = PreclinicalDebugAzureProd|Any CPU
		{EA14DEC1-C1F9-4620-8686-7106198BFCBE}.PreclinicalDebugAzureProd|Any CPU.Build.0 = PreclinicalDebugAzureProd|Any CPU
		{EA14DEC1-C1F9-4620-8686-7106198BFCBE}.PreclinicalDebugAzureQA|Any CPU.ActiveCfg = PreclinicalDebugAzureQA|Any CPU
		{EA14DEC1-C1F9-4620-8686-7106198BFCBE}.PreclinicalDebugAzureQA|Any CPU.Build.0 = PreclinicalDebugAzureQA|Any CPU
		{EA14DEC1-C1F9-4620-8686-7106198BFCBE}.PreclinicalReleaseAzureDemo|Any CPU.ActiveCfg = PreclinicalReleaseAzureDemo|Any CPU
		{EA14DEC1-C1F9-4620-8686-7106198BFCBE}.PreclinicalReleaseAzureDemo|Any CPU.Build.0 = PreclinicalReleaseAzureDemo|Any CPU
		{EA14DEC1-C1F9-4620-8686-7106198BFCBE}.PreclinicalReleaseAzureProd|Any CPU.ActiveCfg = PreclinicalReleaseAzureProd|Any CPU
		{EA14DEC1-C1F9-4620-8686-7106198BFCBE}.PreclinicalReleaseAzureProd|Any CPU.Build.0 = PreclinicalReleaseAzureProd|Any CPU
		{EA14DEC1-C1F9-4620-8686-7106198BFCBE}.PreclinicalReleaseAzureQA|Any CPU.ActiveCfg = PreclinicalReleaseAzureQA|Any CPU
		{EA14DEC1-C1F9-4620-8686-7106198BFCBE}.PreclinicalReleaseAzureQA|Any CPU.Build.0 = PreclinicalReleaseAzureQA|Any CPU
		{EA14DEC1-C1F9-4620-8686-7106198BFCBE}.Release|Any CPU.ActiveCfg = Release|Any CPU
		{EA14DEC1-C1F9-4620-8686-7106198BFCBE}.Release|Any CPU.Build.0 = Release|Any CPU
		{EA14DEC1-C1F9-4620-8686-7106198BFCBE}.ReleaseAzureDemo|Any CPU.ActiveCfg = ReleaseAzureDemo|Any CPU
		{EA14DEC1-C1F9-4620-8686-7106198BFCBE}.ReleaseAzureDemo|Any CPU.Build.0 = ReleaseAzureDemo|Any CPU
		{EA14DEC1-C1F9-4620-8686-7106198BFCBE}.ReleaseAzureProd|Any CPU.ActiveCfg = ReleaseAzureProd|Any CPU
		{EA14DEC1-C1F9-4620-8686-7106198BFCBE}.ReleaseAzureProd|Any CPU.Build.0 = ReleaseAzureProd|Any CPU
		{EA14DEC1-C1F9-4620-8686-7106198BFCBE}.ReleaseAzureQA|Any CPU.ActiveCfg = ReleaseAzureQA|Any CPU
		{EA14DEC1-C1F9-4620-8686-7106198BFCBE}.ReleaseAzureQA|Any CPU.Build.0 = ReleaseAzureQA|Any CPU
	EndGlobalSection
	GlobalSection(SolutionProperties) = preSolution
		HideSolutionNode = FALSE
	EndGlobalSection
	GlobalSection(NestedProjects) = preSolution
		{7135A8A7-33A2-49F5-A397-BAE1A5B7BFB0} = {8F5720F0-C5B0-4D66-B6C8-54517996CAA7}
		{7F31BA30-3EB4-4592-9E87-3F653F4F66B0} = {8F5720F0-C5B0-4D66-B6C8-54517996CAA7}
		{1F97998C-6FBC-481B-9C67-59CC704EFD16} = {8F5720F0-C5B0-4D66-B6C8-54517996CAA7}
		{353D18E1-75F4-4478-B8A7-D41985EFCA45} = {8F5720F0-C5B0-4D66-B6C8-54517996CAA7}
		{EA14DEC1-C1F9-4620-8686-7106198BFCBE} = {8F5720F0-C5B0-4D66-B6C8-54517996CAA7}
	EndGlobalSection
	GlobalSection(ExtensibilityGlobals) = postSolution
		SolutionGuid = {B50E9DA2-41B4-464F-B4AC-D41E07745BEF}
		EnterpriseLibraryConfigurationToolBinariesPathV6 = packages\EnterpriseLibrary.TransientFaultHandling.6.0.1304.0\lib\portable-net45+win+wp8;packages\EnterpriseLibrary.TransientFaultHandling.Data.6.0.1304.1\lib\NET45
	EndGlobalSection
EndGlobal
